
Microsoft Visual Studio Solution File, Format Version 12.00
# Visual Studio Version 17
VisualStudioVersion = 17.0.32112.339
MinimumVisualStudioVersion = 10.0.40219.1
Project("{9A19103F-16F7-4668-BE54-9A1E7A4F7556}") = "web-spa-vue", "web-spa-vue\web-spa-vue.csproj", "{4B1908A7-5FBA-4299-BB74-660C48793F18}"
EndProject
Project("{2150E333-8FDC-42A3-9474-1A3956D46DE8}") = "Solution Items", "Solution Items", "{CF7BBED8-545E-4925-A33E-4BA35AD6C14C}"
	ProjectSection(SolutionItems) = preProject
		.editorconfig = .editorconfig
		.gitattributes = .gitattributes
		.gitignore = .gitignore
		LICENSE = LICENSE
		README.md = README.md
	EndProjectSection
EndProject
Project("{9A19103F-16F7-4668-BE54-9A1E7A4F7556}") = "SpaDevServer", "SpaDevServer\SpaDevServer.csproj", "{508C839E-04A9-4654-B228-206F5BCB5638}"
EndProject
Project("{FAE04EC0-301F-11D3-BF4B-00C04F79EFBC}") = "DDD.Aggregate", "DDD.Aggregate\DDD.Aggregate.csproj", "{AC3A7161-20C6-4917-BD11-8F85C341ABC7}"
EndProject
Project("{9A19103F-16F7-4668-BE54-9A1E7A4F7556}") = "GenericEntity", "GenericEntity\GenericEntity.csproj", "{7BF53A12-4E33-4467-8611-DB5666CDAA76}"
EndProject
Project("{9A19103F-16F7-4668-BE54-9A1E7A4F7556}") = "Extensions", "Extensions\Extensions.csproj", "{057ABCFB-266B-4B88-8A4D-F0C7093DF8A5}"
EndProject
Project("{9A19103F-16F7-4668-BE54-9A1E7A4F7556}") = "Helpers", "Helpers\Helpers.csproj", "{FFB3FF67-9934-4E36-A7DA-782BE62AEE07}"
EndProject
Global
	GlobalSection(SolutionConfigurationPlatforms) = preSolution
		Debug|Any CPU = Debug|Any CPU
		Release|Any CPU = Release|Any CPU
	EndGlobalSection
	GlobalSection(ProjectConfigurationPlatforms) = postSolution
		{4B1908A7-5FBA-4299-BB74-660C48793F18}.Debug|Any CPU.ActiveCfg = Debug|Any CPU
		{4B1908A7-5FBA-4299-BB74-660C48793F18}.Debug|Any CPU.Build.0 = Debug|Any CPU
		{4B1908A7-5FBA-4299-BB74-660C48793F18}.Release|Any CPU.ActiveCfg = Release|Any CPU
		{4B1908A7-5FBA-4299-BB74-660C48793F18}.Release|Any CPU.Build.0 = Release|Any CPU
		{508C839E-04A9-4654-B228-206F5BCB5638}.Debug|Any CPU.ActiveCfg = Debug|Any CPU
		{508C839E-04A9-4654-B228-206F5BCB5638}.Debug|Any CPU.Build.0 = Debug|Any CPU
		{508C839E-04A9-4654-B228-206F5BCB5638}.Release|Any CPU.ActiveCfg = Release|Any CPU
		{508C839E-04A9-4654-B228-206F5BCB5638}.Release|Any CPU.Build.0 = Release|Any CPU
		{AC3A7161-20C6-4917-BD11-8F85C341ABC7}.Debug|Any CPU.ActiveCfg = Debug|Any CPU
		{AC3A7161-20C6-4917-BD11-8F85C341ABC7}.Debug|Any CPU.Build.0 = Debug|Any CPU
		{AC3A7161-20C6-4917-BD11-8F85C341ABC7}.Release|Any CPU.ActiveCfg = Release|Any CPU
		{AC3A7161-20C6-4917-BD11-8F85C341ABC7}.Release|Any CPU.Build.0 = Release|Any CPU
		{7BF53A12-4E33-4467-8611-DB5666CDAA76}.Debug|Any CPU.ActiveCfg = Debug|Any CPU
		{7BF53A12-4E33-4467-8611-DB5666CDAA76}.Debug|Any CPU.Build.0 = Debug|Any CPU
		{7BF53A12-4E33-4467-8611-DB5666CDAA76}.Release|Any CPU.ActiveCfg = Release|Any CPU
		{7BF53A12-4E33-4467-8611-DB5666CDAA76}.Release|Any CPU.Build.0 = Release|Any CPU
		{057ABCFB-266B-4B88-8A4D-F0C7093DF8A5}.Debug|Any CPU.ActiveCfg = Debug|Any CPU
		{057ABCFB-266B-4B88-8A4D-F0C7093DF8A5}.Debug|Any CPU.Build.0 = Debug|Any CPU
		{057ABCFB-266B-4B88-8A4D-F0C7093DF8A5}.Release|Any CPU.ActiveCfg = Release|Any CPU
		{057ABCFB-266B-4B88-8A4D-F0C7093DF8A5}.Release|Any CPU.Build.0 = Release|Any CPU
		{FFB3FF67-9934-4E36-A7DA-782BE62AEE07}.Debug|Any CPU.ActiveCfg = Debug|Any CPU
		{FFB3FF67-9934-4E36-A7DA-782BE62AEE07}.Debug|Any CPU.Build.0 = Debug|Any CPU
		{FFB3FF67-9934-4E36-A7DA-782BE62AEE07}.Release|Any CPU.ActiveCfg = Release|Any CPU
		{FFB3FF67-9934-4E36-A7DA-782BE62AEE07}.Release|Any CPU.Build.0 = Release|Any CPU
	EndGlobalSection
	GlobalSection(SolutionProperties) = preSolution
		HideSolutionNode = FALSE
	EndGlobalSection
	GlobalSection(ExtensibilityGlobals) = postSolution
		SolutionGuid = {451228AD-265C-4410-B958-65D6057ECE6E}
	EndGlobalSection
EndGlobal
