
Microsoft Visual Studio Solution File, Format Version 12.00
# Visual Studio Version 17
VisualStudioVersion = 17.0.32112.339
MinimumVisualStudioVersion = 10.0.40219.1
Project("{9A19103F-16F7-4668-BE54-9A1E7A4F7556}") = "WebSpaVue", "WebSpaVue\WebSpaVue.csproj", "{4B1908A7-5FBA-4299-BB74-660C48793F18}"
EndProject
Project("{2150E333-8FDC-42A3-9474-1A3956D46DE8}") = "Solution Items", "Solution Items", "{CF7BBED8-545E-4925-A33E-4BA35AD6C14C}"
	ProjectSection(SolutionItems) = preProject
		.editorconfig = .editorconfig
		.gitattributes = .gitattributes
		.gitignore = .gitignore
		dotnet-templates.sln.DotSettings = dotnet-templates.sln.DotSettings
		LICENSE = LICENSE
		nuget.config = nuget.config
		README.md = README.md
	EndProjectSection
EndProject
Project("{9A19103F-16F7-4668-BE54-9A1E7A4F7556}") = "Mumrich.SpaDevMiddleware", "Mumrich.SpaDevMiddleware\Mumrich.SpaDevMiddleware.csproj", "{508C839E-04A9-4654-B228-206F5BCB5638}"
EndProject
Project("{9A19103F-16F7-4668-BE54-9A1E7A4F7556}") = "DDD", "DDD\DDD.csproj", "{AC3A7161-20C6-4917-BD11-8F85C341ABC7}"
EndProject
Project("{9A19103F-16F7-4668-BE54-9A1E7A4F7556}") = "Extensions", "Extensions\Extensions.csproj", "{057ABCFB-266B-4B88-8A4D-F0C7093DF8A5}"
EndProject
Project("{9A19103F-16F7-4668-BE54-9A1E7A4F7556}") = "Helpers", "Helpers\Helpers.csproj", "{FFB3FF67-9934-4E36-A7DA-782BE62AEE07}"
EndProject
Project("{9A19103F-16F7-4668-BE54-9A1E7A4F7556}") = "Template.WebSpaVue3Empty", "Template.WebSpaVue3Empty\Template.WebSpaVue3Empty.csproj", "{82E72FFF-1C19-4814-8E78-B233B62A1391}"
EndProject
Project("{9A19103F-16F7-4668-BE54-9A1E7A4F7556}") = "Build", "build\Build.csproj", "{B610BE10-01A5-4E1C-8B18-8F56ABE36170}"
EndProject
Project("{9A19103F-16F7-4668-BE54-9A1E7A4F7556}") = "Mumrich.AkkaExt", "Mumrich.AkkaExt\Mumrich.AkkaExt.csproj", "{B744F1AF-8B00-47BC-A76A-E3C973DCE837}"
EndProject
Global
	GlobalSection(SolutionConfigurationPlatforms) = preSolution
		Debug|Any CPU = Debug|Any CPU
		Release|Any CPU = Release|Any CPU
	EndGlobalSection
	GlobalSection(ProjectConfigurationPlatforms) = postSolution
		{4B1908A7-5FBA-4299-BB74-660C48793F18}.Debug|Any CPU.ActiveCfg = Debug|Any CPU
		{4B1908A7-5FBA-4299-BB74-660C48793F18}.Debug|Any CPU.Build.0 = Debug|Any CPU
		{4B1908A7-5FBA-4299-BB74-660C48793F18}.Release|Any CPU.ActiveCfg = Release|Any CPU
		{4B1908A7-5FBA-4299-BB74-660C48793F18}.Release|Any CPU.Build.0 = Release|Any CPU
		{508C839E-04A9-4654-B228-206F5BCB5638}.Debug|Any CPU.ActiveCfg = Debug|Any CPU
		{508C839E-04A9-4654-B228-206F5BCB5638}.Debug|Any CPU.Build.0 = Debug|Any CPU
		{508C839E-04A9-4654-B228-206F5BCB5638}.Release|Any CPU.ActiveCfg = Release|Any CPU
		{508C839E-04A9-4654-B228-206F5BCB5638}.Release|Any CPU.Build.0 = Release|Any CPU
		{AC3A7161-20C6-4917-BD11-8F85C341ABC7}.Debug|Any CPU.ActiveCfg = Debug|Any CPU
		{AC3A7161-20C6-4917-BD11-8F85C341ABC7}.Debug|Any CPU.Build.0 = Debug|Any CPU
		{AC3A7161-20C6-4917-BD11-8F85C341ABC7}.Release|Any CPU.ActiveCfg = Release|Any CPU
		{AC3A7161-20C6-4917-BD11-8F85C341ABC7}.Release|Any CPU.Build.0 = Release|Any CPU
		{057ABCFB-266B-4B88-8A4D-F0C7093DF8A5}.Debug|Any CPU.ActiveCfg = Debug|Any CPU
		{057ABCFB-266B-4B88-8A4D-F0C7093DF8A5}.Debug|Any CPU.Build.0 = Debug|Any CPU
		{057ABCFB-266B-4B88-8A4D-F0C7093DF8A5}.Release|Any CPU.ActiveCfg = Release|Any CPU
		{057ABCFB-266B-4B88-8A4D-F0C7093DF8A5}.Release|Any CPU.Build.0 = Release|Any CPU
		{FFB3FF67-9934-4E36-A7DA-782BE62AEE07}.Debug|Any CPU.ActiveCfg = Debug|Any CPU
		{FFB3FF67-9934-4E36-A7DA-782BE62AEE07}.Debug|Any CPU.Build.0 = Debug|Any CPU
		{FFB3FF67-9934-4E36-A7DA-782BE62AEE07}.Release|Any CPU.ActiveCfg = Release|Any CPU
		{FFB3FF67-9934-4E36-A7DA-782BE62AEE07}.Release|Any CPU.Build.0 = Release|Any CPU
		{82E72FFF-1C19-4814-8E78-B233B62A1391}.Debug|Any CPU.ActiveCfg = Debug|Any CPU
		{82E72FFF-1C19-4814-8E78-B233B62A1391}.Debug|Any CPU.Build.0 = Debug|Any CPU
		{82E72FFF-1C19-4814-8E78-B233B62A1391}.Release|Any CPU.ActiveCfg = Release|Any CPU
		{82E72FFF-1C19-4814-8E78-B233B62A1391}.Release|Any CPU.Build.0 = Release|Any CPU
		{B610BE10-01A5-4E1C-8B18-8F56ABE36170}.Debug|Any CPU.ActiveCfg = Debug|Any CPU
		{B610BE10-01A5-4E1C-8B18-8F56ABE36170}.Debug|Any CPU.Build.0 = Debug|Any CPU
		{B610BE10-01A5-4E1C-8B18-8F56ABE36170}.Release|Any CPU.ActiveCfg = Release|Any CPU
		{B610BE10-01A5-4E1C-8B18-8F56ABE36170}.Release|Any CPU.Build.0 = Release|Any CPU
		{B744F1AF-8B00-47BC-A76A-E3C973DCE837}.Debug|Any CPU.ActiveCfg = Debug|Any CPU
		{B744F1AF-8B00-47BC-A76A-E3C973DCE837}.Debug|Any CPU.Build.0 = Debug|Any CPU
		{B744F1AF-8B00-47BC-A76A-E3C973DCE837}.Release|Any CPU.ActiveCfg = Release|Any CPU
		{B744F1AF-8B00-47BC-A76A-E3C973DCE837}.Release|Any CPU.Build.0 = Release|Any CPU
	EndGlobalSection
	GlobalSection(SolutionProperties) = preSolution
		HideSolutionNode = FALSE
	EndGlobalSection
	GlobalSection(ExtensibilityGlobals) = postSolution
		SolutionGuid = {451228AD-265C-4410-B958-65D6057ECE6E}
	EndGlobalSection
EndGlobal
